
Microsoft Visual Studio Solution File, Format Version 12.00
# Visual Studio Version 17
VisualStudioVersion = 17.9.34728.123
MinimumVisualStudioVersion = 10.0.40219.1
Project("{FAE04EC0-301F-11D3-BF4B-00C04F79EFBC}") = "GameFramework", "GameFramework.csproj", "{3E5303C9-30A1-41AF-B540-DCCD941E9F2A}"
EndProject
Global
	GlobalSection(SolutionConfigurationPlatforms) = preSolution
		Debug|Any CPU = Debug|Any CPU
		Release|Any CPU = Release|Any CPU
	EndGlobalSection
	GlobalSection(ProjectConfigurationPlatforms) = postSolution
		{3E5303C9-30A1-41AF-B540-DCCD941E9F2A}.Debug|Any CPU.ActiveCfg = Debug|Any CPU
		{3E5303C9-30A1-41AF-B540-DCCD941E9F2A}.Debug|Any CPU.Build.0 = Debug|Any CPU
		{3E5303C9-30A1-41AF-B540-DCCD941E9F2A}.Release|Any CPU.ActiveCfg = Release|Any CPU
		{3E5303C9-30A1-41AF-B540-DCCD941E9F2A}.Release|Any CPU.Build.0 = Release|Any CPU
	EndGlobalSection
	GlobalSection(SolutionProperties) = preSolution
		HideSolutionNode = FALSE
	EndGlobalSection
	GlobalSection(ExtensibilityGlobals) = postSolution
		SolutionGuid = {056C3D4F-4EB5-45CB-AFB1-B528C63686E6}
	EndGlobalSection
EndGlobal
